
Microsoft Visual Studio Solution File, Format Version 12.00
# Visual Studio Version 17
VisualStudioVersion = 17.14.36414.22 d17.14
MinimumVisualStudioVersion = 10.0.40219.1
Project("{FAE04EC0-301F-11D3-BF4B-00C04F79EFBC}") = "RealStateApp", "RealStateApp\RealStateApp.csproj", "{A8E49984-6E4E-4CE5-B0C3-8CCA4E161611}"
EndProject
Project("{2150E333-8FDC-42A3-9474-1A3956D46DE8}") = "Source", "Source", "{02EA681E-C7D8-13C7-8484-4AC65E1B71E8}"
EndProject
Project("{2150E333-8FDC-42A3-9474-1A3956D46DE8}") = "Core", "Core", "{02BA43F0-8896-4F82-A770-6D06DC59B620}"
EndProject
Project("{2150E333-8FDC-42A3-9474-1A3956D46DE8}") = "Infraestructure", "Infraestructure", "{C4C70952-158A-4BD4-A3E7-922141DEDA5D}"
EndProject
Project("{2150E333-8FDC-42A3-9474-1A3956D46DE8}") = "Presentation", "Presentation", "{A95A2400-9CAD-41E1-950F-657307AA2003}"
EndProject
Project("{2150E333-8FDC-42A3-9474-1A3956D46DE8}") = "WebApi", "WebApi", "{1D538ED7-38EA-4BB4-895E-8D21C95A5969}"
EndProject
Project("{2150E333-8FDC-42A3-9474-1A3956D46DE8}") = "WebApp", "WebApp", "{8910BF3C-285F-4D69-8079-EBD4CC4C5B9E}"
EndProject
Project("{FAE04EC0-301F-11D3-BF4B-00C04F79EFBC}") = "RealStateApp.Core.Application", "RealStateApp.Core.Application\RealStateApp.Core.Application.csproj", "{BCF63966-167D-432D-AA88-F3DD225BE0B6}"
EndProject
Project("{FAE04EC0-301F-11D3-BF4B-00C04F79EFBC}") = "RealStateApp.Core.Domain", "RealStateApp.Core.Domain\RealStateApp.Core.Domain.csproj", "{82D0836B-7843-4F85-854A-7D595E475627}"
EndProject
Project("{FAE04EC0-301F-11D3-BF4B-00C04F79EFBC}") = "WebApi", "WebApi\WebApi.csproj", "{217001C3-9E40-46F3-84BD-176122A5D992}"
EndProject
Project("{FAE04EC0-301F-11D3-BF4B-00C04F79EFBC}") = "RealStateApp.Infraestructure.Identity", "RealStateApp.Infraestructure.Identity\RealStateApp.Infraestructure.Identity.csproj", "{2CF61B88-B200-4B53-B75C-181AA944D59E}"
EndProject
Project("{FAE04EC0-301F-11D3-BF4B-00C04F79EFBC}") = "RealStateApp.Infraestructure.Persistence", "RealStateApp.Infraestructure.Persistence\RealStateApp.Infraestructure.Persistence.csproj", "{633BA04E-ACE5-42DB-BAB3-5973856FCFA7}"
EndProject
Project("{FAE04EC0-301F-11D3-BF4B-00C04F79EFBC}") = "RealStateApp.Infraestructure.Shared", "RealStateApp.Infraestructure.Shared\RealStateApp.Infraestructure.Shared.csproj", "{858B12C5-40A6-4A7A-B279-778491A12824}"
EndProject
Global
	GlobalSection(SolutionConfigurationPlatforms) = preSolution
		Debug|Any CPU = Debug|Any CPU
		Release|Any CPU = Release|Any CPU
	EndGlobalSection
	GlobalSection(ProjectConfigurationPlatforms) = postSolution
		{A8E49984-6E4E-4CE5-B0C3-8CCA4E161611}.Debug|Any CPU.ActiveCfg = Debug|Any CPU
		{A8E49984-6E4E-4CE5-B0C3-8CCA4E161611}.Debug|Any CPU.Build.0 = Debug|Any CPU
		{A8E49984-6E4E-4CE5-B0C3-8CCA4E161611}.Release|Any CPU.ActiveCfg = Release|Any CPU
		{A8E49984-6E4E-4CE5-B0C3-8CCA4E161611}.Release|Any CPU.Build.0 = Release|Any CPU
		{BCF63966-167D-432D-AA88-F3DD225BE0B6}.Debug|Any CPU.ActiveCfg = Debug|Any CPU
		{BCF63966-167D-432D-AA88-F3DD225BE0B6}.Debug|Any CPU.Build.0 = Debug|Any CPU
		{BCF63966-167D-432D-AA88-F3DD225BE0B6}.Release|Any CPU.ActiveCfg = Release|Any CPU
		{BCF63966-167D-432D-AA88-F3DD225BE0B6}.Release|Any CPU.Build.0 = Release|Any CPU
		{82D0836B-7843-4F85-854A-7D595E475627}.Debug|Any CPU.ActiveCfg = Debug|Any CPU
		{82D0836B-7843-4F85-854A-7D595E475627}.Debug|Any CPU.Build.0 = Debug|Any CPU
		{82D0836B-7843-4F85-854A-7D595E475627}.Release|Any CPU.ActiveCfg = Release|Any CPU
		{82D0836B-7843-4F85-854A-7D595E475627}.Release|Any CPU.Build.0 = Release|Any CPU
		{217001C3-9E40-46F3-84BD-176122A5D992}.Debug|Any CPU.ActiveCfg = Debug|Any CPU
		{217001C3-9E40-46F3-84BD-176122A5D992}.Debug|Any CPU.Build.0 = Debug|Any CPU
		{217001C3-9E40-46F3-84BD-176122A5D992}.Release|Any CPU.ActiveCfg = Release|Any CPU
		{217001C3-9E40-46F3-84BD-176122A5D992}.Release|Any CPU.Build.0 = Release|Any CPU
		{2CF61B88-B200-4B53-B75C-181AA944D59E}.Debug|Any CPU.ActiveCfg = Debug|Any CPU
		{2CF61B88-B200-4B53-B75C-181AA944D59E}.Debug|Any CPU.Build.0 = Debug|Any CPU
		{2CF61B88-B200-4B53-B75C-181AA944D59E}.Release|Any CPU.ActiveCfg = Release|Any CPU
		{2CF61B88-B200-4B53-B75C-181AA944D59E}.Release|Any CPU.Build.0 = Release|Any CPU
		{633BA04E-ACE5-42DB-BAB3-5973856FCFA7}.Debug|Any CPU.ActiveCfg = Debug|Any CPU
		{633BA04E-ACE5-42DB-BAB3-5973856FCFA7}.Debug|Any CPU.Build.0 = Debug|Any CPU
		{633BA04E-ACE5-42DB-BAB3-5973856FCFA7}.Release|Any CPU.ActiveCfg = Release|Any CPU
		{633BA04E-ACE5-42DB-BAB3-5973856FCFA7}.Release|Any CPU.Build.0 = Release|Any CPU
		{858B12C5-40A6-4A7A-B279-778491A12824}.Debug|Any CPU.ActiveCfg = Debug|Any CPU
		{858B12C5-40A6-4A7A-B279-778491A12824}.Debug|Any CPU.Build.0 = Debug|Any CPU
		{858B12C5-40A6-4A7A-B279-778491A12824}.Release|Any CPU.ActiveCfg = Release|Any CPU
		{858B12C5-40A6-4A7A-B279-778491A12824}.Release|Any CPU.Build.0 = Release|Any CPU
	EndGlobalSection
	GlobalSection(SolutionProperties) = preSolution
		HideSolutionNode = FALSE
	EndGlobalSection
	GlobalSection(NestedProjects) = preSolution
		{A8E49984-6E4E-4CE5-B0C3-8CCA4E161611} = {8910BF3C-285F-4D69-8079-EBD4CC4C5B9E}
		{02BA43F0-8896-4F82-A770-6D06DC59B620} = {02EA681E-C7D8-13C7-8484-4AC65E1B71E8}
		{C4C70952-158A-4BD4-A3E7-922141DEDA5D} = {02EA681E-C7D8-13C7-8484-4AC65E1B71E8}
		{A95A2400-9CAD-41E1-950F-657307AA2003} = {02EA681E-C7D8-13C7-8484-4AC65E1B71E8}
		{1D538ED7-38EA-4BB4-895E-8D21C95A5969} = {A95A2400-9CAD-41E1-950F-657307AA2003}
		{8910BF3C-285F-4D69-8079-EBD4CC4C5B9E} = {A95A2400-9CAD-41E1-950F-657307AA2003}
		{BCF63966-167D-432D-AA88-F3DD225BE0B6} = {02BA43F0-8896-4F82-A770-6D06DC59B620}
		{82D0836B-7843-4F85-854A-7D595E475627} = {02BA43F0-8896-4F82-A770-6D06DC59B620}
		{217001C3-9E40-46F3-84BD-176122A5D992} = {1D538ED7-38EA-4BB4-895E-8D21C95A5969}
		{2CF61B88-B200-4B53-B75C-181AA944D59E} = {C4C70952-158A-4BD4-A3E7-922141DEDA5D}
		{633BA04E-ACE5-42DB-BAB3-5973856FCFA7} = {C4C70952-158A-4BD4-A3E7-922141DEDA5D}
		{858B12C5-40A6-4A7A-B279-778491A12824} = {C4C70952-158A-4BD4-A3E7-922141DEDA5D}
	EndGlobalSection
	GlobalSection(ExtensibilityGlobals) = postSolution
		SolutionGuid = {C21C831A-4C0C-4713-93A1-0A282F4E8A5D}
	EndGlobalSection
EndGlobal
